
Microsoft Visual Studio Solution File, Format Version 12.00
# Visual Studio Version 17
VisualStudioVersion = 17.13.35919.96
MinimumVisualStudioVersion = 10.0.40219.1
Project("{FAE04EC0-301F-11D3-BF4B-00C04F79EFBC}") = "C#(1)", "C#\C#(1).csproj", "{D956C221-0FBE-4E13-98B2-3A4C343B5030}"
EndProject
Project("{FAE04EC0-301F-11D3-BF4B-00C04F79EFBC}") = "C#(2)", "C#(2)\C#(2).csproj", "{6ADFAA0B-5FD8-46AE-AB55-6B3C699AE341}"
EndProject
Project("{FAE04EC0-301F-11D3-BF4B-00C04F79EFBC}") = "C#(3)", "C#(3)\C#(3).csproj", "{F6EE5E29-A769-4DA7-95BC-9E8E3236969D}"
EndProject
Project("{FAE04EC0-301F-11D3-BF4B-00C04F79EFBC}") = "C#(4)", "C#(4)\C#(4).csproj", "{2DFB2116-ADCE-44F7-BD0F-CFA1656545C6}"
EndProject
Project("{FAE04EC0-301F-11D3-BF4B-00C04F79EFBC}") = "C#(5)", "C#(5)\C#(5).csproj", "{A4C43246-9688-4D0C-9ACE-DF85B623F3A3}"
EndProject
Project("{FAE04EC0-301F-11D3-BF4B-00C04F79EFBC}") = "C#(6)", "C#(6)\C#(6).csproj", "{9E5A159F-FF65-44C3-88A7-F96A7A61E2FC}"
EndProject
Project("{FAE04EC0-301F-11D3-BF4B-00C04F79EFBC}") = "C#(7)", "C#(7)\C#(7).csproj", "{77782DE6-7135-4531-BE60-EB5CCAB2C013}"
EndProject
Project("{FAE04EC0-301F-11D3-BF4B-00C04F79EFBC}") = "C#(8)", "C#(8)\C#(8).csproj", "{EF9713A0-5654-4DF3-912F-ECA1DAA69E73}"
EndProject
Project("{FAE04EC0-301F-11D3-BF4B-00C04F79EFBC}") = "Datadase(1)", "Datadase\Datadase(1).csproj", "{8D11F62C-7204-489E-831F-48A66C98D95A}"
EndProject
Project("{FAE04EC0-301F-11D3-BF4B-00C04F79EFBC}") = "Database(2)", "Database(2)\Database(2).csproj", "{B6911E8B-1170-459E-BD0D-968B6DED9A4C}"
EndProject
Project("{2150E333-8FDC-42A3-9474-1A3956D46DE8}") = "Homework", "Homework", "{36D591C7-65C7-A0D1-1CBC-10CDE441BDC8}"
EndProject
Project("{2150E333-8FDC-42A3-9474-1A3956D46DE8}") = "DB", "DB", "{2B98EEDE-F43E-437D-94AA-D0D9E5F9FCA4}"
EndProject
Project("{FAE04EC0-301F-11D3-BF4B-00C04F79EFBC}") = "C#(9)", "C#(9)\C#(9).csproj", "{E352B2B9-26F5-48CB-AC93-BC1E71B85606}"
EndProject
Project("{FAE04EC0-301F-11D3-BF4B-00C04F79EFBC}") = "electronic shop", "electronic shop\electronic shop.csproj", "{B9D9A355-1732-44C5-890A-2B4357D0541A}"
EndProject
Global
	GlobalSection(SolutionConfigurationPlatforms) = preSolution
		Debug|Any CPU = Debug|Any CPU
		Release|Any CPU = Release|Any CPU
	EndGlobalSection
	GlobalSection(ProjectConfigurationPlatforms) = postSolution
		{D956C221-0FBE-4E13-98B2-3A4C343B5030}.Debug|Any CPU.ActiveCfg = Debug|Any CPU
		{D956C221-0FBE-4E13-98B2-3A4C343B5030}.Debug|Any CPU.Build.0 = Debug|Any CPU
		{D956C221-0FBE-4E13-98B2-3A4C343B5030}.Release|Any CPU.ActiveCfg = Release|Any CPU
		{D956C221-0FBE-4E13-98B2-3A4C343B5030}.Release|Any CPU.Build.0 = Release|Any CPU
		{6ADFAA0B-5FD8-46AE-AB55-6B3C699AE341}.Debug|Any CPU.ActiveCfg = Debug|Any CPU
		{6ADFAA0B-5FD8-46AE-AB55-6B3C699AE341}.Debug|Any CPU.Build.0 = Debug|Any CPU
		{6ADFAA0B-5FD8-46AE-AB55-6B3C699AE341}.Release|Any CPU.ActiveCfg = Release|Any CPU
		{6ADFAA0B-5FD8-46AE-AB55-6B3C699AE341}.Release|Any CPU.Build.0 = Release|Any CPU
		{F6EE5E29-A769-4DA7-95BC-9E8E3236969D}.Debug|Any CPU.ActiveCfg = Debug|Any CPU
		{F6EE5E29-A769-4DA7-95BC-9E8E3236969D}.Debug|Any CPU.Build.0 = Debug|Any CPU
		{F6EE5E29-A769-4DA7-95BC-9E8E3236969D}.Release|Any CPU.ActiveCfg = Release|Any CPU
		{F6EE5E29-A769-4DA7-95BC-9E8E3236969D}.Release|Any CPU.Build.0 = Release|Any CPU
		{2DFB2116-ADCE-44F7-BD0F-CFA1656545C6}.Debug|Any CPU.ActiveCfg = Debug|Any CPU
		{2DFB2116-ADCE-44F7-BD0F-CFA1656545C6}.Debug|Any CPU.Build.0 = Debug|Any CPU
		{2DFB2116-ADCE-44F7-BD0F-CFA1656545C6}.Release|Any CPU.ActiveCfg = Release|Any CPU
		{2DFB2116-ADCE-44F7-BD0F-CFA1656545C6}.Release|Any CPU.Build.0 = Release|Any CPU
		{A4C43246-9688-4D0C-9ACE-DF85B623F3A3}.Debug|Any CPU.ActiveCfg = Debug|Any CPU
		{A4C43246-9688-4D0C-9ACE-DF85B623F3A3}.Debug|Any CPU.Build.0 = Debug|Any CPU
		{A4C43246-9688-4D0C-9ACE-DF85B623F3A3}.Release|Any CPU.ActiveCfg = Release|Any CPU
		{A4C43246-9688-4D0C-9ACE-DF85B623F3A3}.Release|Any CPU.Build.0 = Release|Any CPU
		{9E5A159F-FF65-44C3-88A7-F96A7A61E2FC}.Debug|Any CPU.ActiveCfg = Debug|Any CPU
		{9E5A159F-FF65-44C3-88A7-F96A7A61E2FC}.Debug|Any CPU.Build.0 = Debug|Any CPU
		{9E5A159F-FF65-44C3-88A7-F96A7A61E2FC}.Release|Any CPU.ActiveCfg = Release|Any CPU
		{9E5A159F-FF65-44C3-88A7-F96A7A61E2FC}.Release|Any CPU.Build.0 = Release|Any CPU
		{77782DE6-7135-4531-BE60-EB5CCAB2C013}.Debug|Any CPU.ActiveCfg = Debug|Any CPU
		{77782DE6-7135-4531-BE60-EB5CCAB2C013}.Debug|Any CPU.Build.0 = Debug|Any CPU
		{77782DE6-7135-4531-BE60-EB5CCAB2C013}.Release|Any CPU.ActiveCfg = Release|Any CPU
		{77782DE6-7135-4531-BE60-EB5CCAB2C013}.Release|Any CPU.Build.0 = Release|Any CPU
		{EF9713A0-5654-4DF3-912F-ECA1DAA69E73}.Debug|Any CPU.ActiveCfg = Debug|Any CPU
		{EF9713A0-5654-4DF3-912F-ECA1DAA69E73}.Debug|Any CPU.Build.0 = Debug|Any CPU
		{EF9713A0-5654-4DF3-912F-ECA1DAA69E73}.Release|Any CPU.ActiveCfg = Release|Any CPU
		{EF9713A0-5654-4DF3-912F-ECA1DAA69E73}.Release|Any CPU.Build.0 = Release|Any CPU
		{8D11F62C-7204-489E-831F-48A66C98D95A}.Debug|Any CPU.ActiveCfg = Debug|Any CPU
		{8D11F62C-7204-489E-831F-48A66C98D95A}.Debug|Any CPU.Build.0 = Debug|Any CPU
		{8D11F62C-7204-489E-831F-48A66C98D95A}.Release|Any CPU.ActiveCfg = Release|Any CPU
		{8D11F62C-7204-489E-831F-48A66C98D95A}.Release|Any CPU.Build.0 = Release|Any CPU
		{B6911E8B-1170-459E-BD0D-968B6DED9A4C}.Debug|Any CPU.ActiveCfg = Debug|Any CPU
		{B6911E8B-1170-459E-BD0D-968B6DED9A4C}.Debug|Any CPU.Build.0 = Debug|Any CPU
		{B6911E8B-1170-459E-BD0D-968B6DED9A4C}.Release|Any CPU.ActiveCfg = Release|Any CPU
		{B6911E8B-1170-459E-BD0D-968B6DED9A4C}.Release|Any CPU.Build.0 = Release|Any CPU
		{E352B2B9-26F5-48CB-AC93-BC1E71B85606}.Debug|Any CPU.ActiveCfg = Debug|Any CPU
		{E352B2B9-26F5-48CB-AC93-BC1E71B85606}.Debug|Any CPU.Build.0 = Debug|Any CPU
		{E352B2B9-26F5-48CB-AC93-BC1E71B85606}.Release|Any CPU.ActiveCfg = Release|Any CPU
		{E352B2B9-26F5-48CB-AC93-BC1E71B85606}.Release|Any CPU.Build.0 = Release|Any CPU
		{B9D9A355-1732-44C5-890A-2B4357D0541A}.Debug|Any CPU.ActiveCfg = Debug|Any CPU
		{B9D9A355-1732-44C5-890A-2B4357D0541A}.Debug|Any CPU.Build.0 = Debug|Any CPU
		{B9D9A355-1732-44C5-890A-2B4357D0541A}.Release|Any CPU.ActiveCfg = Release|Any CPU
		{B9D9A355-1732-44C5-890A-2B4357D0541A}.Release|Any CPU.Build.0 = Release|Any CPU
	EndGlobalSection
	GlobalSection(SolutionProperties) = preSolution
		HideSolutionNode = FALSE
	EndGlobalSection
	GlobalSection(NestedProjects) = preSolution
		{D956C221-0FBE-4E13-98B2-3A4C343B5030} = {36D591C7-65C7-A0D1-1CBC-10CDE441BDC8}
		{6ADFAA0B-5FD8-46AE-AB55-6B3C699AE341} = {36D591C7-65C7-A0D1-1CBC-10CDE441BDC8}
		{F6EE5E29-A769-4DA7-95BC-9E8E3236969D} = {36D591C7-65C7-A0D1-1CBC-10CDE441BDC8}
		{2DFB2116-ADCE-44F7-BD0F-CFA1656545C6} = {36D591C7-65C7-A0D1-1CBC-10CDE441BDC8}
		{A4C43246-9688-4D0C-9ACE-DF85B623F3A3} = {36D591C7-65C7-A0D1-1CBC-10CDE441BDC8}
		{9E5A159F-FF65-44C3-88A7-F96A7A61E2FC} = {36D591C7-65C7-A0D1-1CBC-10CDE441BDC8}
		{77782DE6-7135-4531-BE60-EB5CCAB2C013} = {36D591C7-65C7-A0D1-1CBC-10CDE441BDC8}
		{EF9713A0-5654-4DF3-912F-ECA1DAA69E73} = {36D591C7-65C7-A0D1-1CBC-10CDE441BDC8}
		{8D11F62C-7204-489E-831F-48A66C98D95A} = {2B98EEDE-F43E-437D-94AA-D0D9E5F9FCA4}
		{B6911E8B-1170-459E-BD0D-968B6DED9A4C} = {2B98EEDE-F43E-437D-94AA-D0D9E5F9FCA4}
		{E352B2B9-26F5-48CB-AC93-BC1E71B85606} = {36D591C7-65C7-A0D1-1CBC-10CDE441BDC8}
		{B9D9A355-1732-44C5-890A-2B4357D0541A} = {2B98EEDE-F43E-437D-94AA-D0D9E5F9FCA4}
	EndGlobalSection
	GlobalSection(ExtensibilityGlobals) = postSolution
		SolutionGuid = {3FD911E2-68B0-48DE-8397-BFCB26B32CE6}
	EndGlobalSection
EndGlobal
